
Microsoft Visual Studio Solution File, Format Version 12.00
# Visual Studio Version 17
VisualStudioVersion = 17.0.32014.148
MinimumVisualStudioVersion = 10.0.40219.1
Project("{FAE04EC0-301F-11D3-BF4B-00C04F79EFBC}") = "PaintedModelTracker", "PaintedModelTracker\PaintedModelTracker.csproj", "{A404FCFC-1685-4BCF-A108-64F57EAA5DA0}"
EndProject
Global
	GlobalSection(SolutionConfigurationPlatforms) = preSolution
		Debug|Any CPU = Debug|Any CPU
		Release|Any CPU = Release|Any CPU
	EndGlobalSection
	GlobalSection(ProjectConfigurationPlatforms) = postSolution
		{A404FCFC-1685-4BCF-A108-64F57EAA5DA0}.Debug|Any CPU.ActiveCfg = Debug|Any CPU
		{A404FCFC-1685-4BCF-A108-64F57EAA5DA0}.Debug|Any CPU.Build.0 = Debug|Any CPU
		{A404FCFC-1685-4BCF-A108-64F57EAA5DA0}.Release|Any CPU.ActiveCfg = Release|Any CPU
		{A404FCFC-1685-4BCF-A108-64F57EAA5DA0}.Release|Any CPU.Build.0 = Release|Any CPU
	EndGlobalSection
	GlobalSection(SolutionProperties) = preSolution
		HideSolutionNode = FALSE
	EndGlobalSection
	GlobalSection(ExtensibilityGlobals) = postSolution
		SolutionGuid = {C06174A1-8236-4F87-8A2F-2A97EC3959F0}
	EndGlobalSection
EndGlobal
